
Microsoft Visual Studio Solution File, Format Version 12.00
# Visual Studio Version 16
VisualStudioVersion = 16.0.30128.74
MinimumVisualStudioVersion = 10.0.40219.1
Project("{FAE04EC0-301F-11D3-BF4B-00C04F79EFBC}") = "Lab6WebUITests", "Lab6WebUITests\Lab6WebUITests.csproj", "{9BE59F8C-3DFE-4306-B7E0-E138F4477189}"
EndProject
Global
	GlobalSection(SolutionConfigurationPlatforms) = preSolution
		Debug|Any CPU = Debug|Any CPU
		Release|Any CPU = Release|Any CPU
	EndGlobalSection
	GlobalSection(ProjectConfigurationPlatforms) = postSolution
		{9BE59F8C-3DFE-4306-B7E0-E138F4477189}.Debug|Any CPU.ActiveCfg = Debug|Any CPU
		{9BE59F8C-3DFE-4306-B7E0-E138F4477189}.Debug|Any CPU.Build.0 = Debug|Any CPU
		{9BE59F8C-3DFE-4306-B7E0-E138F4477189}.Release|Any CPU.ActiveCfg = Release|Any CPU
		{9BE59F8C-3DFE-4306-B7E0-E138F4477189}.Release|Any CPU.Build.0 = Release|Any CPU
	EndGlobalSection
	GlobalSection(SolutionProperties) = preSolution
		HideSolutionNode = FALSE
	EndGlobalSection
	GlobalSection(ExtensibilityGlobals) = postSolution
		SolutionGuid = {D1954FF9-4BA6-4784-B769-B5D0195CE02F}
	EndGlobalSection
EndGlobal
